
Microsoft Visual Studio Solution File, Format Version 12.00
# Visual Studio Version 17
VisualStudioVersion = 17.11.35222.181
MinimumVisualStudioVersion = 10.0.40219.1
Project("{9A19103F-16F7-4668-BE54-9A1E7A4F7556}") = "RecordStore.Core", "..\RecordStore.Core\RecordStore.Core.csproj", "{3EF4748B-53B2-4242-9D83-A9A1849C446E}"
EndProject
Project("{9A19103F-16F7-4668-BE54-9A1E7A4F7556}") = "RecordStore.Data", "..\RecordStore.Data\RecordStore.Data.csproj", "{C5617F3A-E00B-466B-A134-3F04E8A458EA}"
EndProject
Project("{9A19103F-16F7-4668-BE54-9A1E7A4F7556}") = "RecordStore.Web", "..\RecordStore.Web\RecordStore.Web.csproj", "{70C7047A-B5CD-428B-A138-0C3DCE42627F}"
EndProject
Global
	GlobalSection(SolutionConfigurationPlatforms) = preSolution
		Debug|Any CPU = Debug|Any CPU
		Release|Any CPU = Release|Any CPU
	EndGlobalSection
	GlobalSection(ProjectConfigurationPlatforms) = postSolution
		{3EF4748B-53B2-4242-9D83-A9A1849C446E}.Debug|Any CPU.ActiveCfg = Debug|Any CPU
		{3EF4748B-53B2-4242-9D83-A9A1849C446E}.Debug|Any CPU.Build.0 = Debug|Any CPU
		{3EF4748B-53B2-4242-9D83-A9A1849C446E}.Release|Any CPU.ActiveCfg = Release|Any CPU
		{3EF4748B-53B2-4242-9D83-A9A1849C446E}.Release|Any CPU.Build.0 = Release|Any CPU
		{C5617F3A-E00B-466B-A134-3F04E8A458EA}.Debug|Any CPU.ActiveCfg = Debug|Any CPU
		{C5617F3A-E00B-466B-A134-3F04E8A458EA}.Debug|Any CPU.Build.0 = Debug|Any CPU
		{C5617F3A-E00B-466B-A134-3F04E8A458EA}.Release|Any CPU.ActiveCfg = Release|Any CPU
		{C5617F3A-E00B-466B-A134-3F04E8A458EA}.Release|Any CPU.Build.0 = Release|Any CPU
		{70C7047A-B5CD-428B-A138-0C3DCE42627F}.Debug|Any CPU.ActiveCfg = Debug|Any CPU
		{70C7047A-B5CD-428B-A138-0C3DCE42627F}.Debug|Any CPU.Build.0 = Debug|Any CPU
		{70C7047A-B5CD-428B-A138-0C3DCE42627F}.Release|Any CPU.ActiveCfg = Release|Any CPU
		{70C7047A-B5CD-428B-A138-0C3DCE42627F}.Release|Any CPU.Build.0 = Release|Any CPU
	EndGlobalSection
	GlobalSection(SolutionProperties) = preSolution
		HideSolutionNode = FALSE
	EndGlobalSection
	GlobalSection(ExtensibilityGlobals) = postSolution
		SolutionGuid = {DAA06FE9-B783-4AA4-B7BE-AB90F438A70B}
	EndGlobalSection
EndGlobal
